{
  "name": "@workspace/api-zod",
  "version": "0.0.0",
  "lockfileVersion": 3,
  "requires": true,
  "packages": {
    "": {
      "name": "@workspace/api-zod",
      "version": "0.0.0",
      "dependencies": {
        "workspace": "file:../..",
        "zod": "^3.25.76"
      }
    },
    "../..": {
      "name": "workspace",
      "version": "0.0.0",
      "hasInstallScript": true,
      "license": "MIT",
      "dependencies": {
        "@replit/connectors-sdk": "^0.4.1"
      },
      "devDependencies": {
        "@esbuild/win32-x64": "0.27.3",
        "esbuild": "0.25.2",
        "prettier": "^3.9.6",
        "typescript": "~5.9.3"
      }
    },
    "node_modules/workspace": {
      "resolved": "../..",
      "link": true
    },
    "node_modules/zod": {
      "version": "3.25.76",
      "resolved": "https://registry.npmjs.org/zod/-/zod-3.25.76.tgz",
      "integrity": "sha512-gzUt/qt81nXsFGKIFcC3YnfEAx5NkunCfnDlvuBSSFS02bcXu4Lmea0AFIUwbLWxWPx3d9p8S5QoaujKcNQxcQ==",
      "license": "MIT",
      "funding": {
        "url": "https://github.com/sponsors/colinhacks"
      }
    }
  }
}
